
Microsoft Visual Studio Solution File, Format Version 12.00
# Visual Studio Version 17
VisualStudioVersion = 17.1.32228.430
MinimumVisualStudioVersion = 10.0.40219.1
Project("{FAE04EC0-301F-11D3-BF4B-00C04F79EFBC}") = "DataKeeperBeta", "DataKeeperBeta\DataKeeperBeta.csproj", "{5F84B3E7-449D-48D4-A7C1-6643D9597093}"
EndProject
Global
	GlobalSection(SolutionConfigurationPlatforms) = preSolution
		Debug|Any CPU = Debug|Any CPU
		Debug|x86 = Debug|x86
		Release|Any CPU = Release|Any CPU
		Release|x86 = Release|x86
	EndGlobalSection
	GlobalSection(ProjectConfigurationPlatforms) = postSolution
		{5F84B3E7-449D-48D4-A7C1-6643D9597093}.Debug|Any CPU.ActiveCfg = Debug|Any CPU
		{5F84B3E7-449D-48D4-A7C1-6643D9597093}.Debug|Any CPU.Build.0 = Debug|Any CPU
		{5F84B3E7-449D-48D4-A7C1-6643D9597093}.Debug|x86.ActiveCfg = Debug|Any CPU
		{5F84B3E7-449D-48D4-A7C1-6643D9597093}.Debug|x86.Build.0 = Debug|Any CPU
		{5F84B3E7-449D-48D4-A7C1-6643D9597093}.Release|Any CPU.ActiveCfg = Release|Any CPU
		{5F84B3E7-449D-48D4-A7C1-6643D9597093}.Release|Any CPU.Build.0 = Release|Any CPU
		{5F84B3E7-449D-48D4-A7C1-6643D9597093}.Release|x86.ActiveCfg = Release|Any CPU
		{5F84B3E7-449D-48D4-A7C1-6643D9597093}.Release|x86.Build.0 = Release|Any CPU
	EndGlobalSection
	GlobalSection(SolutionProperties) = preSolution
		HideSolutionNode = FALSE
	EndGlobalSection
	GlobalSection(ExtensibilityGlobals) = postSolution
		SolutionGuid = {BB5DCDFB-FDF9-4343-AFC2-C2ECB228A48A}
	EndGlobalSection
EndGlobal
